
Microsoft Visual Studio Solution File, Format Version 12.00
# Visual Studio Version 17
VisualStudioVersion = 17.9.34728.123
MinimumVisualStudioVersion = 10.0.40219.1
Project("{FAE04EC0-301F-11D3-BF4B-00C04F79EFBC}") = "DAQO20240910", "DAQO20240910\DAQO20240910.csproj", "{AD4E7436-FD9C-4CDC-B61E-3984F8863D14}"
EndProject
Global
	GlobalSection(SolutionConfigurationPlatforms) = preSolution
		Debug|Any CPU = Debug|Any CPU
		Release|Any CPU = Release|Any CPU
	EndGlobalSection
	GlobalSection(ProjectConfigurationPlatforms) = postSolution
		{AD4E7436-FD9C-4CDC-B61E-3984F8863D14}.Debug|Any CPU.ActiveCfg = Debug|Any CPU
		{AD4E7436-FD9C-4CDC-B61E-3984F8863D14}.Debug|Any CPU.Build.0 = Debug|Any CPU
		{AD4E7436-FD9C-4CDC-B61E-3984F8863D14}.Release|Any CPU.ActiveCfg = Release|Any CPU
		{AD4E7436-FD9C-4CDC-B61E-3984F8863D14}.Release|Any CPU.Build.0 = Release|Any CPU
	EndGlobalSection
	GlobalSection(SolutionProperties) = preSolution
		HideSolutionNode = FALSE
	EndGlobalSection
	GlobalSection(ExtensibilityGlobals) = postSolution
		SolutionGuid = {5DD23491-424D-49D9-8AE1-FA85FF34274D}
	EndGlobalSection
EndGlobal
